
Microsoft Visual Studio Solution File, Format Version 12.00
# Visual Studio Version 17
VisualStudioVersion = 17.13.35919.96 d17.13
MinimumVisualStudioVersion = 10.0.40219.1
Project("{FAE04EC0-301F-11D3-BF4B-00C04F79EFBC}") = "TP3ej10", "TP3ej10\TP3ej10.csproj", "{F0EF1045-7B37-4A32-90B7-D2C3D5A99779}"
EndProject
Global
	GlobalSection(SolutionConfigurationPlatforms) = preSolution
		Debug|Any CPU = Debug|Any CPU
		Release|Any CPU = Release|Any CPU
	EndGlobalSection
	GlobalSection(ProjectConfigurationPlatforms) = postSolution
		{F0EF1045-7B37-4A32-90B7-D2C3D5A99779}.Debug|Any CPU.ActiveCfg = Debug|Any CPU
		{F0EF1045-7B37-4A32-90B7-D2C3D5A99779}.Debug|Any CPU.Build.0 = Debug|Any CPU
		{F0EF1045-7B37-4A32-90B7-D2C3D5A99779}.Release|Any CPU.ActiveCfg = Release|Any CPU
		{F0EF1045-7B37-4A32-90B7-D2C3D5A99779}.Release|Any CPU.Build.0 = Release|Any CPU
	EndGlobalSection
	GlobalSection(SolutionProperties) = preSolution
		HideSolutionNode = FALSE
	EndGlobalSection
	GlobalSection(ExtensibilityGlobals) = postSolution
		SolutionGuid = {EA43337D-A829-4D31-8D55-6F573E53F7AF}
	EndGlobalSection
EndGlobal
